// !$*UTF8*$!
{
	archiveVersion = 1;
	classes = {
	};
	objectVersion = 48;
	objects = {

/* Begin PBXBuildFile section */
		002D0C722033E223001F6950 /* AppDelegate.swift in Sources */ = {isa = PBXBuildFile; fileRef = 002D0C712033E223001F6950 /* AppDelegate.swift */; };
		002D0C742033E223001F6950 /* BackgroundColorViewController.swift in Sources */ = {isa = PBXBuildFile; fileRef = 002D0C732033E223001F6950 /* BackgroundColorViewController.swift */; };
		002D0C772033E223001F6950 /* BackgroundColor.storyboard in Resources */ = {isa = PBXBuildFile; fileRef = 002D0C752033E223001F6950 /* BackgroundColor.storyboard */; };
		002D0C792033E223001F6950 /* Assets.xcassets in Resources */ = {isa = PBXBuildFile; fileRef = 002D0C782033E223001F6950 /* Assets.xcassets */; };
		002D0C7C2033E223001F6950 /* LaunchScreen.storyboard in Resources */ = {isa = PBXBuildFile; fileRef = 002D0C7A2033E223001F6950 /* LaunchScreen.storyboard */; };
		002D0C8B2033E454001F6950 /* ColorPicker.storyboard in Resources */ = {isa = PBXBuildFile; fileRef = 002D0C8A2033E454001F6950 /* ColorPicker.storyboard */; };
		002D0C8D2033E45B001F6950 /* ColorPickerViewController.swift in Sources */ = {isa = PBXBuildFile; fileRef = 002D0C8C2033E45B001F6950 /* ColorPickerViewController.swift */; };
/* End PBXBuildFile section */

/* Begin PBXFileReference section */
		002D0C6E2033E223001F6950 /* DelegationFun.app */ = {isa = PBXFileReference; explicitFileType = wrapper.application; includeInIndex = 0; path = DelegationFun.app; sourceTree = BUILT_PRODUCTS_DIR; };
		002D0C712033E223001F6950 /* AppDelegate.swift */ = {isa = PBXFileReference; lastKnownFileType = sourcecode.swift; path = AppDelegate.swift; sourceTree = "<group>"; };
		002D0C732033E223001F6950 /* BackgroundColorViewController.swift */ = {isa = PBXFileReference; lastKnownFileType = sourcecode.swift; path = BackgroundColorViewController.swift; sourceTree = "<group>"; };
		002D0C762033E223001F6950 /* Base */ = {isa = PBXFileReference; lastKnownFileType = file.storyboard; name = Base; path = Base.lproj/BackgroundColor.storyboard; sourceTree = "<group>"; };
		002D0C782033E223001F6950 /* Assets.xcassets */ = {isa = PBXFileReference; lastKnownFileType = folder.assetcatalog; path = Assets.xcassets; sourceTree = "<group>"; };
		002D0C7B2033E223001F6950 /* Base */ = {isa = PBXFileReference; lastKnownFileType = file.storyboard; name = Base; path = Base.lproj/LaunchScreen.storyboard; sourceTree = "<group>"; };
		002D0C7D2033E223001F6950 /* Info.plist */ = {isa = PBXFileReference; lastKnownFileType = text.plist.xml; path = Info.plist; sourceTree = "<group>"; };
		002D0C8A2033E454001F6950 /* ColorPicker.storyboard */ = {isa = PBXFileReference; lastKnownFileType = file.storyboard; path = ColorPicker.storyboard; sourceTree = "<group>"; };
		002D0C8C2033E45B001F6950 /* ColorPickerViewController.swift */ = {isa = PBXFileReference; lastKnownFileType = sourcecode.swift; path = ColorPickerViewController.swift; sourceTree = "<group>"; };
/* End PBXFileReference section */

/* Begin PBXFrameworksBuildPhase section */
		002D0C6B2033E223001F6950 /* Frameworks */ = {
			isa = PBXFrameworksBuildPhase;
			buildActionMask = 2147483647;
			files = (
			);
			runOnlyForDeploymentPostprocessing = 0;
		};
/* End PBXFrameworksBuildPhase section */

/* Begin PBXGroup section */
		002D0C652033E223001F6950 = {
			isa = PBXGroup;
			children = (
				002D0C702033E223001F6950 /* DelegationFun */,
				002D0C6F2033E223001F6950 /* Products */,
			);
			sourceTree = "<group>";
		};
		002D0C6F2033E223001F6950 /* Products */ = {
			isa = PBXGroup;
			children = (
				002D0C6E2033E223001F6950 /* DelegationFun.app */,
			);
			name = Products;
			sourceTree = "<group>";
		};
		002D0C702033E223001F6950 /* DelegationFun */ = {
			isa = PBXGroup;
			children = (
				002D0C832033E22D001F6950 /* Application */,
				002D0C842033E236001F6950 /* Screens */,
				002D0C872033E250001F6950 /* Assets */,
				002D0C892033E25F001F6950 /* Supporting Files */,
			);
			path = DelegationFun;
			sourceTree = "<group>";
		};
		002D0C832033E22D001F6950 /* Application */ = {
			isa = PBXGroup;
			children = (
				002D0C712033E223001F6950 /* AppDelegate.swift */,
			);
			path = Application;
			sourceTree = "<group>";
		};
		002D0C842033E236001F6950 /* Screens */ = {
			isa = PBXGroup;
			children = (
				002D0C852033E23E001F6950 /* Launch */,
				002D0C862033E248001F6950 /* Background Color */,
				002D0C8E2033E9B9001F6950 /* Color Picker */,
			);
			path = Screens;
			sourceTree = "<group>";
		};
		002D0C852033E23E001F6950 /* Launch */ = {
			isa = PBXGroup;
			children = (
				002D0C7A2033E223001F6950 /* LaunchScreen.storyboard */,
			);
			path = Launch;
			sourceTree = "<group>";
		};
		002D0C862033E248001F6950 /* Background Color */ = {
			isa = PBXGroup;
			children = (
				002D0C752033E223001F6950 /* BackgroundColor.storyboard */,
				002D0C732033E223001F6950 /* BackgroundColorViewController.swift */,
			);
			path = "Background Color";
			sourceTree = "<group>";
		};
		002D0C872033E250001F6950 /* Assets */ = {
			isa = PBXGroup;
			children = (
				002D0C782033E223001F6950 /* Assets.xcassets */,
			);
			path = Assets;
			sourceTree = "<group>";
		};
		002D0C892033E25F001F6950 /* Supporting Files */ = {
			isa = PBXGroup;
			children = (
				002D0C7D2033E223001F6950 /* Info.plist */,
			);
			name = "Supporting Files";
			sourceTree = "<group>";
		};
		002D0C8E2033E9B9001F6950 /* Color Picker */ = {
			isa = PBXGroup;
			children = (
				002D0C8A2033E454001F6950 /* ColorPicker.storyboard */,
				002D0C8C2033E45B001F6950 /* ColorPickerViewController.swift */,
			);
			path = "Color Picker";
			sourceTree = "<group>";
		};
/* End PBXGroup section */

/* Begin PBXNativeTarget section */
		002D0C6D2033E223001F6950 /* DelegationFun */ = {
			isa = PBXNativeTarget;
			buildConfigurationList = 002D0C802033E223001F6950 /* Build configuration list for PBXNativeTarget "DelegationFun" */;
			buildPhases = (
				002D0C6A2033E223001F6950 /* Sources */,
				002D0C6B2033E223001F6950 /* Frameworks */,
				002D0C6C2033E223001F6950 /* Resources */,
			);
			buildRules = (
			);
			dependencies = (
			);
			name = DelegationFun;
			productName = DelegationFun;
			productReference = 002D0C6E2033E223001F6950 /* DelegationFun.app */;
			productType = "com.apple.product-type.application";
		};
/* End PBXNativeTarget section */

/* Begin PBXProject section */
		002D0C662033E223001F6950 /* Project object */ = {
			isa = PBXProject;
			attributes = {
				LastSwiftUpdateCheck = 0920;
				LastUpgradeCheck = 0920;
				ORGANIZATIONNAME = "Jeffrey Fulton";
				TargetAttributes = {
					002D0C6D2033E223001F6950 = {
						CreatedOnToolsVersion = 9.2;
						ProvisioningStyle = Automatic;
					};
				};
			};
			buildConfigurationList = 002D0C692033E223001F6950 /* Build configuration list for PBXProject "DelegationFun" */;
			compatibilityVersion = "Xcode 8.0";
			developmentRegion = en;
			hasScannedForEncodings = 0;
			knownRegions = (
				en,
				Base,
			);
			mainGroup = 002D0C652033E223001F6950;
			productRefGroup = 002D0C6F2033E223001F6950 /* Products */;
			projectDirPath = "";
			projectRoot = "";
			targets = (
				002D0C6D2033E223001F6950 /* DelegationFun */,
			);
		};
/* End PBXProject section */

/* Begin PBXResourcesBuildPhase section */
		002D0C6C2033E223001F6950 /* Resources */ = {
			isa = PBXResourcesBuildPhase;
			buildActionMask = 2147483647;
			files = (
				002D0C7C2033E223001F6950 /* LaunchScreen.storyboard in Resources */,
				002D0C792033E223001F6950 /* Assets.xcassets in Resources */,
				002D0C772033E223001F6950 /* BackgroundColor.storyboard in Resources */,
				002D0C8B2033E454001F6950 /* ColorPicker.storyboard in Resources */,
			);
			runOnlyForDeploymentPostprocessing = 0;
		};
/* End PBXResourcesBuildPhase section */

/* Begin PBXSourcesBuildPhase section */
		002D0C6A2033E223001F6950 /* Sources */ = {
			isa = PBXSourcesBuildPhase;
			buildActionMask = 2147483647;
			files = (
				002D0C742033E223001F6950 /* BackgroundColorViewController.swift in Sources */,
				002D0C722033E223001F6950 /* AppDelegate.swift in Sources */,
				002D0C8D2033E45B001F6950 /* ColorPickerViewController.swift in Sources */,
			);
			runOnlyForDeploymentPostprocessing = 0;
		};
/* End PBXSourcesBuildPhase section */

/* Begin PBXVariantGroup section */
		002D0C752033E223001F6950 /* BackgroundColor.storyboard */ = {
			isa = PBXVariantGroup;
			children = (
				002D0C762033E223001F6950 /* Base */,
			);
			name = BackgroundColor.storyboard;
			sourceTree = "<group>";
		};
		002D0C7A2033E223001F6950 /* LaunchScreen.storyboard */ = {
			isa = PBXVariantGroup;
			children = (
				002D0C7B2033E223001F6950 /* Base */,
			);
			name = LaunchScreen.storyboard;
			sourceTree = "<group>";
		};
/* End PBXVariantGroup section */

/* Begin XCBuildConfiguration section */
		002D0C7E2033E223001F6950 /* Debug */ = {
			isa = XCBuildConfiguration;
			buildSettings = {
				ALWAYS_SEARCH_USER_PATHS = NO;
				CLANG_ANALYZER_NONNULL = YES;
				CLANG_ANALYZER_NUMBER_OBJECT_CONVERSION = YES_AGGRESSIVE;
				CLANG_CXX_LANGUAGE_STANDARD = "gnu++14";
				CLANG_CXX_LIBRARY = "libc++";
				CLANG_ENABLE_MODULES = YES;
				CLANG_ENABLE_OBJC_ARC = YES;
				CLANG_WARN_BLOCK_CAPTURE_AUTORELEASING = YES;
				CLANG_WARN_BOOL_CONVERSION = YES;
				CLANG_WARN_COMMA = YES;
				CLANG_WARN_CONSTANT_CONVERSION = YES;
				CLANG_WARN_DIRECT_OBJC_ISA_USAGE = YES_ERROR;
				CLANG_WARN_DOCUMENTATION_COMMENTS = YES;
				CLANG_WARN_EMPTY_BODY = YES;
				CLANG_WARN_ENUM_CONVERSION = YES;
				CLANG_WARN_INFINITE_RECURSION = YES;
				CLANG_WARN_INT_CONVERSION = YES;
				CLANG_WARN_NON_LITERAL_NULL_CONVERSION = YES;
				CLANG_WARN_OBJC_LITERAL_CONVERSION = YES;
				CLANG_WARN_OBJC_ROOT_CLASS = YES_ERROR;
				CLANG_WARN_RANGE_LOOP_ANALYSIS = YES;
				CLANG_WARN_STRICT_PROTOTYPES = YES;
				CLANG_WARN_SUSPICIOUS_MOVE = YES;
				CLANG_WARN_UNGUARDED_AVAILABILITY = YES_AGGRESSIVE;
				CLANG_WARN_UNREACHABLE_CODE = YES;
				CLANG_WARN__DUPLICATE_METHOD_MATCH = YES;
				CODE_SIGN_IDENTITY = "iPhone Developer";
				COPY_PHASE_STRIP = NO;
				DEBUG_INFORMATION_FORMAT = dwarf;
				ENABLE_STRICT_OBJC_MSGSEND = YES;
				ENABLE_TESTABILITY = YES;
				GCC_C_LANGUAGE_STANDARD = gnu11;
				GCC_DYNAMIC_NO_PIC = NO;
				GCC_NO_COMMON_BLOCKS = YES;
				GCC_OPTIMIZATION_LEVEL = 0;
				GCC_PREPROCESSOR_DEFINITIONS = (
					"DEBUG=1",
					"$(inherited)",
				);
				GCC_WARN_64_TO_32_BIT_CONVERSION = YES;
				GCC_WARN_ABOUT_RETURN_TYPE = YES_ERROR;
				GCC_WARN_UNDECLARED_SELECTOR = YES;
				GCC_WARN_UNINITIALIZED_AUTOS = YES_AGGRESSIVE;
				GCC_WARN_UNUSED_FUNCTION = YES;
				GCC_WARN_UNUSED_VARIABLE = YES;
				IPHONEOS_DEPLOYMENT_TARGET = 11.2;
				MTL_ENABLE_DEBUG_INFO = YES;
				ONLY_ACTIVE_ARCH = YES;
				SDKROOT = iphoneos;
				SWIFT_ACTIVE_COMPILATION_CONDITIONS = DEBUG;
				SWIFT_OPTIMIZATION_LEVEL = "-Onone";
			};
			name = Debug;
		};
		002D0C7F2033E223001F6950 /* Release */ = {
			isa = XCBuildConfiguration;
			buildSettings = {
				ALWAYS_SEARCH_USER_PATHS = NO;
				CLANG_ANALYZER_NONNULL = YES;
				CLANG_ANALYZER_NUMBER_OBJECT_CONVERSION = YES_AGGRESSIVE;
				CLANG_CXX_LANGUAGE_STANDARD = "gnu++14";
				CLANG_CXX_LIBRARY = "libc++";
				CLANG_ENABLE_MODULES = YES;
				CLANG_ENABLE_OBJC_ARC = YES;
				CLANG_WARN_BLOCK_CAPTURE_AUTORELEASING = YES;
				CLANG_WARN_BOOL_CONVERSION = YES;
				CLANG_WARN_COMMA = YES;
				CLANG_WARN_CONSTANT_CONVERSION = YES;
				CLANG_WARN_DIRECT_OBJC_ISA_USAGE = YES_ERROR;
				CLANG_WARN_DOCUMENTATION_COMMENTS = YES;
				CLANG_WARN_EMPTY_BODY = YES;
				CLANG_WARN_ENUM_CONVERSION = YES;
				CLANG_WARN_INFINITE_RECURSION = YES;
				CLANG_WARN_INT_CONVERSION = YES;
				CLANG_WARN_NON_LITERAL_NULL_CONVERSION = YES;
				CLANG_WARN_OBJC_LITERAL_CONVERSION = YES;
				CLANG_WARN_OBJC_ROOT_CLASS = YES_ERROR;
				CLANG_WARN_RANGE_LOOP_ANALYSIS = YES;
				CLANG_WARN_STRICT_PROTOTYPES = YES;
				CLANG_WARN_SUSPICIOUS_MOVE = YES;
				CLANG_WARN_UNGUARDED_AVAILABILITY = YES_AGGRESSIVE;
				CLANG_WARN_UNREACHABLE_CODE = YES;
				CLANG_WARN__DUPLICATE_METHOD_MATCH = YES;
				CODE_SIGN_IDENTITY = "iPhone Developer";
				COPY_PHASE_STRIP = NO;
				DEBUG_INFORMATION_FORMAT = "dwarf-with-dsym";
				ENABLE_NS_ASSERTIONS = NO;
				ENABLE_STRICT_OBJC_MSGSEND = YES;
				GCC_C_LANGUAGE_STANDARD = gnu11;
				GCC_NO_COMMON_BLOCKS = YES;
				GCC_WARN_64_TO_32_BIT_CONVERSION = YES;
				GCC_WARN_ABOUT_RETURN_TYPE = YES_ERROR;
				GCC_WARN_UNDECLARED_SELECTOR = YES;
				GCC_WARN_UNINITIALIZED_AUTOS = YES_AGGRESSIVE;
				GCC_WARN_UNUSED_FUNCTION = YES;
				GCC_WARN_UNUSED_VARIABLE = YES;
				IPHONEOS_DEPLOYMENT_TARGET = 11.2;
				MTL_ENABLE_DEBUG_INFO = NO;
				SDKROOT = iphoneos;
				SWIFT_OPTIMIZATION_LEVEL = "-Owholemodule";
				VALIDATE_PRODUCT = YES;
			};
			name = Release;
		};
		002D0C812033E223001F6950 /* Debug */ = {
			isa = XCBuildConfiguration;
			buildSettings = {
				ASSETCATALOG_COMPILER_APPICON_NAME = AppIcon;
				CODE_SIGN_STYLE = Automatic;
				DEVELOPMENT_TEAM = 4DN5KQR8W8;
				INFOPLIST_FILE = DelegationFun/Info.plist;
				LD_RUNPATH_SEARCH_PATHS = "$(inherited) @executable_path/Frameworks";
				PRODUCT_BUNDLE_IDENTIFIER = ca.jeffreyfulton.DelegationFun;
				PRODUCT_NAME = "$(TARGET_NAME)";
				SWIFT_VERSION = 4.0;
				TARGETED_DEVICE_FAMILY = "1,2";
			};
			name = Debug;
		};
		002D0C822033E223001F6950 /* Release */ = {
			isa = XCBuildConfiguration;
			buildSettings = {
				ASSETCATALOG_COMPILER_APPICON_NAME = AppIcon;
				CODE_SIGN_STYLE = Automatic;
				DEVELOPMENT_TEAM = 4DN5KQR8W8;
				INFOPLIST_FILE = DelegationFun/Info.plist;
				LD_RUNPATH_SEARCH_PATHS = "$(inherited) @executable_path/Frameworks";
				PRODUCT_BUNDLE_IDENTIFIER = ca.jeffreyfulton.DelegationFun;
				PRODUCT_NAME = "$(TARGET_NAME)";
				SWIFT_VERSION = 4.0;
				TARGETED_DEVICE_FAMILY = "1,2";
			};
			name = Release;
		};
/* End XCBuildConfiguration section */

/* Begin XCConfigurationList section */
		002D0C692033E223001F6950 /* Build configuration list for PBXProject "DelegationFun" */ = {
			isa = XCConfigurationList;
			buildConfigurations = (
				002D0C7E2033E223001F6950 /* Debug */,
				002D0C7F2033E223001F6950 /* Release */,
			);
			defaultConfigurationIsVisible = 0;
			defaultConfigurationName = Release;
		};
		002D0C802033E223001F6950 /* Build configuration list for PBXNativeTarget "DelegationFun" */ = {
			isa = XCConfigurationList;
			buildConfigurations = (
				002D0C812033E223001F6950 /* Debug */,
				002D0C822033E223001F6950 /* Release */,
			);
			defaultConfigurationIsVisible = 0;
			defaultConfigurationName = Release;
		};
/* End XCConfigurationList section */
	};
	rootObject = 002D0C662033E223001F6950 /* Project object */;
}
